// !$*UTF8*$!
{
	archiveVersion = 1;
	classes = {
	};
	objectVersion = 50;
	objects = {

/* Begin PBXBuildFile section */
		C175204A25CC43C300BC3C4F /* AppDelegate.swift in Sources */ = {isa = PBXBuildFile; fileRef = C175204925CC43C300BC3C4F /* AppDelegate.swift */; };
		C175204C25CC43C300BC3C4F /* SceneDelegate.swift in Sources */ = {isa = PBXBuildFile; fileRef = C175204B25CC43C300BC3C4F /* SceneDelegate.swift */; };
		C175204E25CC43C300BC3C4F /* ViewController.swift in Sources */ = {isa = PBXBuildFile; fileRef = C175204D25CC43C300BC3C4F /* ViewController.swift */; };
		C175205125CC43C300BC3C4F /* Main.storyboard in Resources */ = {isa = PBXBuildFile; fileRef = C175204F25CC43C300BC3C4F /* Main.storyboard */; };
		C175205625CC43C400BC3C4F /* LaunchScreen.storyboard in Resources */ = {isa = PBXBuildFile; fileRef = C175205425CC43C400BC3C4F /* LaunchScreen.storyboard */; };
		C175205F25CC43EF00BC3C4F /* dreamCars.plist in Resources */ = {isa = PBXBuildFile; fileRef = C175205E25CC43EF00BC3C4F /* dreamCars.plist */; };
		C175206425CC46EF00BC3C4F /* DataHandler.swift in Sources */ = {isa = PBXBuildFile; fileRef = C175206225CC46EF00BC3C4F /* DataHandler.swift */; };
		C175206725CC473400BC3C4F /* SecondViewController.swift in Sources */ = {isa = PBXBuildFile; fileRef = C175206625CC473400BC3C4F /* SecondViewController.swift */; };
		C175206A25CC475F00BC3C4F /* ThirdViewController.swift in Sources */ = {isa = PBXBuildFile; fileRef = C175206925CC475F00BC3C4F /* ThirdViewController.swift */; };
		C196C60925D2F5C90022FFEF /* Assets.xcassets in Resources */ = {isa = PBXBuildFile; fileRef = C196C60825D2F5C90022FFEF /* Assets.xcassets */; };
/* End PBXBuildFile section */

/* Begin PBXFileReference section */
		C175204625CC43C300BC3C4F /* Dream Cars 2.app */ = {isa = PBXFileReference; explicitFileType = wrapper.application; includeInIndex = 0; path = "Dream Cars 2.app"; sourceTree = BUILT_PRODUCTS_DIR; };
		C175204925CC43C300BC3C4F /* AppDelegate.swift */ = {isa = PBXFileReference; lastKnownFileType = sourcecode.swift; path = AppDelegate.swift; sourceTree = "<group>"; };
		C175204B25CC43C300BC3C4F /* SceneDelegate.swift */ = {isa = PBXFileReference; lastKnownFileType = sourcecode.swift; path = SceneDelegate.swift; sourceTree = "<group>"; };
		C175204D25CC43C300BC3C4F /* ViewController.swift */ = {isa = PBXFileReference; lastKnownFileType = sourcecode.swift; path = ViewController.swift; sourceTree = "<group>"; };
		C175205025CC43C300BC3C4F /* Base */ = {isa = PBXFileReference; lastKnownFileType = file.storyboard; name = Base; path = Base.lproj/Main.storyboard; sourceTree = "<group>"; };
		C175205525CC43C400BC3C4F /* Base */ = {isa = PBXFileReference; lastKnownFileType = file.storyboard; name = Base; path = Base.lproj/LaunchScreen.storyboard; sourceTree = "<group>"; };
		C175205725CC43C400BC3C4F /* Info.plist */ = {isa = PBXFileReference; lastKnownFileType = text.plist.xml; path = Info.plist; sourceTree = "<group>"; };
		C175205E25CC43EF00BC3C4F /* dreamCars.plist */ = {isa = PBXFileReference; fileEncoding = 4; lastKnownFileType = text.plist.xml; path = dreamCars.plist; sourceTree = "<group>"; };
		C175206225CC46EF00BC3C4F /* DataHandler.swift */ = {isa = PBXFileReference; fileEncoding = 4; lastKnownFileType = sourcecode.swift; path = DataHandler.swift; sourceTree = "<group>"; };
		C175206625CC473400BC3C4F /* SecondViewController.swift */ = {isa = PBXFileReference; lastKnownFileType = sourcecode.swift; path = SecondViewController.swift; sourceTree = "<group>"; };
		C175206925CC475F00BC3C4F /* ThirdViewController.swift */ = {isa = PBXFileReference; lastKnownFileType = sourcecode.swift; path = ThirdViewController.swift; sourceTree = "<group>"; };
		C196C60825D2F5C90022FFEF /* Assets.xcassets */ = {isa = PBXFileReference; lastKnownFileType = folder.assetcatalog; path = Assets.xcassets; sourceTree = "<group>"; };
/* End PBXFileReference section */

/* Begin PBXFrameworksBuildPhase section */
		C175204325CC43C300BC3C4F /* Frameworks */ = {
			isa = PBXFrameworksBuildPhase;
			buildActionMask = 2147483647;
			files = (
			);
			runOnlyForDeploymentPostprocessing = 0;
		};
/* End PBXFrameworksBuildPhase section */

/* Begin PBXGroup section */
		C175203D25CC43C300BC3C4F = {
			isa = PBXGroup;
			children = (
				C175204825CC43C300BC3C4F /* Dream Cars 2 */,
				C175204725CC43C300BC3C4F /* Products */,
			);
			sourceTree = "<group>";
		};
		C175204725CC43C300BC3C4F /* Products */ = {
			isa = PBXGroup;
			children = (
				C175204625CC43C300BC3C4F /* Dream Cars 2.app */,
			);
			name = Products;
			sourceTree = "<group>";
		};
		C175204825CC43C300BC3C4F /* Dream Cars 2 */ = {
			isa = PBXGroup;
			children = (
				C175205E25CC43EF00BC3C4F /* dreamCars.plist */,
				C175204925CC43C300BC3C4F /* AppDelegate.swift */,
				C175204B25CC43C300BC3C4F /* SceneDelegate.swift */,
				C175204D25CC43C300BC3C4F /* ViewController.swift */,
				C175204F25CC43C300BC3C4F /* Main.storyboard */,
				C196C60825D2F5C90022FFEF /* Assets.xcassets */,
				C175205425CC43C400BC3C4F /* LaunchScreen.storyboard */,
				C175205725CC43C400BC3C4F /* Info.plist */,
				C175206225CC46EF00BC3C4F /* DataHandler.swift */,
				C175206625CC473400BC3C4F /* SecondViewController.swift */,
				C175206925CC475F00BC3C4F /* ThirdViewController.swift */,
			);
			path = "Dream Cars 2";
			sourceTree = "<group>";
		};
/* End PBXGroup section */

/* Begin PBXNativeTarget section */
		C175204525CC43C300BC3C4F /* Dream Cars 2 */ = {
			isa = PBXNativeTarget;
			buildConfigurationList = C175205A25CC43C400BC3C4F /* Build configuration list for PBXNativeTarget "Dream Cars 2" */;
			buildPhases = (
				C175204225CC43C300BC3C4F /* Sources */,
				C175204325CC43C300BC3C4F /* Frameworks */,
				C175204425CC43C300BC3C4F /* Resources */,
			);
			buildRules = (
			);
			dependencies = (
			);
			name = "Dream Cars 2";
			productName = "Dream Cars 2";
			productReference = C175204625CC43C300BC3C4F /* Dream Cars 2.app */;
			productType = "com.apple.product-type.application";
		};
/* End PBXNativeTarget section */

/* Begin PBXProject section */
		C175203E25CC43C300BC3C4F /* Project object */ = {
			isa = PBXProject;
			attributes = {
				LastSwiftUpdateCheck = 1230;
				LastUpgradeCheck = 1230;
				TargetAttributes = {
					C175204525CC43C300BC3C4F = {
						CreatedOnToolsVersion = 12.3;
					};
				};
			};
			buildConfigurationList = C175204125CC43C300BC3C4F /* Build configuration list for PBXProject "Dream Cars 2" */;
			compatibilityVersion = "Xcode 9.3";
			developmentRegion = en;
			hasScannedForEncodings = 0;
			knownRegions = (
				en,
				Base,
			);
			mainGroup = C175203D25CC43C300BC3C4F;
			productRefGroup = C175204725CC43C300BC3C4F /* Products */;
			projectDirPath = "";
			projectRoot = "";
			targets = (
				C175204525CC43C300BC3C4F /* Dream Cars 2 */,
			);
		};
/* End PBXProject section */

/* Begin PBXResourcesBuildPhase section */
		C175204425CC43C300BC3C4F /* Resources */ = {
			isa = PBXResourcesBuildPhase;
			buildActionMask = 2147483647;
			files = (
				C175205625CC43C400BC3C4F /* LaunchScreen.storyboard in Resources */,
				C175205125CC43C300BC3C4F /* Main.storyboard in Resources */,
				C196C60925D2F5C90022FFEF /* Assets.xcassets in Resources */,
				C175205F25CC43EF00BC3C4F /* dreamCars.plist in Resources */,
			);
			runOnlyForDeploymentPostprocessing = 0;
		};
/* End PBXResourcesBuildPhase section */

/* Begin PBXSourcesBuildPhase section */
		C175204225CC43C300BC3C4F /* Sources */ = {
			isa = PBXSourcesBuildPhase;
			buildActionMask = 2147483647;
			files = (
				C175206725CC473400BC3C4F /* SecondViewController.swift in Sources */,
				C175204E25CC43C300BC3C4F /* ViewController.swift in Sources */,
				C175206A25CC475F00BC3C4F /* ThirdViewController.swift in Sources */,
				C175204A25CC43C300BC3C4F /* AppDelegate.swift in Sources */,
				C175204C25CC43C300BC3C4F /* SceneDelegate.swift in Sources */,
				C175206425CC46EF00BC3C4F /* DataHandler.swift in Sources */,
			);
			runOnlyForDeploymentPostprocessing = 0;
		};
/* End PBXSourcesBuildPhase section */

/* Begin PBXVariantGroup section */
		C175204F25CC43C300BC3C4F /* Main.storyboard */ = {
			isa = PBXVariantGroup;
			children = (
				C175205025CC43C300BC3C4F /* Base */,
			);
			name = Main.storyboard;
			sourceTree = "<group>";
		};
		C175205425CC43C400BC3C4F /* LaunchScreen.storyboard */ = {
			isa = PBXVariantGroup;
			children = (
				C175205525CC43C400BC3C4F /* Base */,
			);
			name = LaunchScreen.storyboard;
			sourceTree = "<group>";
		};
/* End PBXVariantGroup section */

/* Begin XCBuildConfiguration section */
		C175205825CC43C400BC3C4F /* Debug */ = {
			isa = XCBuildConfiguration;
			buildSettings = {
				ALWAYS_SEARCH_USER_PATHS = NO;
				CLANG_ANALYZER_NONNULL = YES;
				CLANG_ANALYZER_NUMBER_OBJECT_CONVERSION = YES_AGGRESSIVE;
				CLANG_CXX_LANGUAGE_STANDARD = "gnu++14";
				CLANG_CXX_LIBRARY = "libc++";
				CLANG_ENABLE_MODULES = YES;
				CLANG_ENABLE_OBJC_ARC = YES;
				CLANG_ENABLE_OBJC_WEAK = YES;
				CLANG_WARN_BLOCK_CAPTURE_AUTORELEASING = YES;
				CLANG_WARN_BOOL_CONVERSION = YES;
				CLANG_WARN_COMMA = YES;
				CLANG_WARN_CONSTANT_CONVERSION = YES;
				CLANG_WARN_DEPRECATED_OBJC_IMPLEMENTATIONS = YES;
				CLANG_WARN_DIRECT_OBJC_ISA_USAGE = YES_ERROR;
				CLANG_WARN_DOCUMENTATION_COMMENTS = YES;
				CLANG_WARN_EMPTY_BODY = YES;
				CLANG_WARN_ENUM_CONVERSION = YES;
				CLANG_WARN_INFINITE_RECURSION = YES;
				CLANG_WARN_INT_CONVERSION = YES;
				CLANG_WARN_NON_LITERAL_NULL_CONVERSION = YES;
				CLANG_WARN_OBJC_IMPLICIT_RETAIN_SELF = YES;
				CLANG_WARN_OBJC_LITERAL_CONVERSION = YES;
				CLANG_WARN_OBJC_ROOT_CLASS = YES_ERROR;
				CLANG_WARN_QUOTED_INCLUDE_IN_FRAMEWORK_HEADER = YES;
				CLANG_WARN_RANGE_LOOP_ANALYSIS = YES;
				CLANG_WARN_STRICT_PROTOTYPES = YES;
				CLANG_WARN_SUSPICIOUS_MOVE = YES;
				CLANG_WARN_UNGUARDED_AVAILABILITY = YES_AGGRESSIVE;
				CLANG_WARN_UNREACHABLE_CODE = YES;
				CLANG_WARN__DUPLICATE_METHOD_MATCH = YES;
				COPY_PHASE_STRIP = NO;
				DEBUG_INFORMATION_FORMAT = dwarf;
				ENABLE_STRICT_OBJC_MSGSEND = YES;
				ENABLE_TESTABILITY = YES;
				GCC_C_LANGUAGE_STANDARD = gnu11;
				GCC_DYNAMIC_NO_PIC = NO;
				GCC_NO_COMMON_BLOCKS = YES;
				GCC_OPTIMIZATION_LEVEL = 0;
				GCC_PREPROCESSOR_DEFINITIONS = (
					"DEBUG=1",
					"$(inherited)",
				);
				GCC_WARN_64_TO_32_BIT_CONVERSION = YES;
				GCC_WARN_ABOUT_RETURN_TYPE = YES_ERROR;
				GCC_WARN_UNDECLARED_SELECTOR = YES;
				GCC_WARN_UNINITIALIZED_AUTOS = YES_AGGRESSIVE;
				GCC_WARN_UNUSED_FUNCTION = YES;
				GCC_WARN_UNUSED_VARIABLE = YES;
				IPHONEOS_DEPLOYMENT_TARGET = 14.3;
				MTL_ENABLE_DEBUG_INFO = INCLUDE_SOURCE;
				MTL_FAST_MATH = YES;
				ONLY_ACTIVE_ARCH = YES;
				SDKROOT = iphoneos;
				SWIFT_ACTIVE_COMPILATION_CONDITIONS = DEBUG;
				SWIFT_OPTIMIZATION_LEVEL = "-Onone";
			};
			name = Debug;
		};
		C175205925CC43C400BC3C4F /* Release */ = {
			isa = XCBuildConfiguration;
			buildSettings = {
				ALWAYS_SEARCH_USER_PATHS = NO;
				CLANG_ANALYZER_NONNULL = YES;
				CLANG_ANALYZER_NUMBER_OBJECT_CONVERSION = YES_AGGRESSIVE;
				CLANG_CXX_LANGUAGE_STANDARD = "gnu++14";
				CLANG_CXX_LIBRARY = "libc++";
				CLANG_ENABLE_MODULES = YES;
				CLANG_ENABLE_OBJC_ARC = YES;
				CLANG_ENABLE_OBJC_WEAK = YES;
				CLANG_WARN_BLOCK_CAPTURE_AUTORELEASING = YES;
				CLANG_WARN_BOOL_CONVERSION = YES;
				CLANG_WARN_COMMA = YES;
				CLANG_WARN_CONSTANT_CONVERSION = YES;
				CLANG_WARN_DEPRECATED_OBJC_IMPLEMENTATIONS = YES;
				CLANG_WARN_DIRECT_OBJC_ISA_USAGE = YES_ERROR;
				CLANG_WARN_DOCUMENTATION_COMMENTS = YES;
				CLANG_WARN_EMPTY_BODY = YES;
				CLANG_WARN_ENUM_CONVERSION = YES;
				CLANG_WARN_INFINITE_RECURSION = YES;
				CLANG_WARN_INT_CONVERSION = YES;
				CLANG_WARN_NON_LITERAL_NULL_CONVERSION = YES;
				CLANG_WARN_OBJC_IMPLICIT_RETAIN_SELF = YES;
				CLANG_WARN_OBJC_LITERAL_CONVERSION = YES;
				CLANG_WARN_OBJC_ROOT_CLASS = YES_ERROR;
				CLANG_WARN_QUOTED_INCLUDE_IN_FRAMEWORK_HEADER = YES;
				CLANG_WARN_RANGE_LOOP_ANALYSIS = YES;
				CLANG_WARN_STRICT_PROTOTYPES = YES;
				CLANG_WARN_SUSPICIOUS_MOVE = YES;
				CLANG_WARN_UNGUARDED_AVAILABILITY = YES_AGGRESSIVE;
				CLANG_WARN_UNREACHABLE_CODE = YES;
				CLANG_WARN__DUPLICATE_METHOD_MATCH = YES;
				COPY_PHASE_STRIP = NO;
				DEBUG_INFORMATION_FORMAT = "dwarf-with-dsym";
				ENABLE_NS_ASSERTIONS = NO;
				ENABLE_STRICT_OBJC_MSGSEND = YES;
				GCC_C_LANGUAGE_STANDARD = gnu11;
				GCC_NO_COMMON_BLOCKS = YES;
				GCC_WARN_64_TO_32_BIT_CONVERSION = YES;
				GCC_WARN_ABOUT_RETURN_TYPE = YES_ERROR;
				GCC_WARN_UNDECLARED_SELECTOR = YES;
				GCC_WARN_UNINITIALIZED_AUTOS = YES_AGGRESSIVE;
				GCC_WARN_UNUSED_FUNCTION = YES;
				GCC_WARN_UNUSED_VARIABLE = YES;
				IPHONEOS_DEPLOYMENT_TARGET = 14.3;
				MTL_ENABLE_DEBUG_INFO = NO;
				MTL_FAST_MATH = YES;
				SDKROOT = iphoneos;
				SWIFT_COMPILATION_MODE = wholemodule;
				SWIFT_OPTIMIZATION_LEVEL = "-O";
				VALIDATE_PRODUCT = YES;
			};
			name = Release;
		};
		C175205B25CC43C400BC3C4F /* Debug */ = {
			isa = XCBuildConfiguration;
			buildSettings = {
				ASSETCATALOG_COMPILER_APPICON_NAME = AppIcon;
				ASSETCATALOG_COMPILER_GLOBAL_ACCENT_COLOR_NAME = AccentColor;
				CODE_SIGN_STYLE = Automatic;
				DEVELOPMENT_TEAM = DN2W828U2Y;
				INFOPLIST_FILE = "Dream Cars 2/Info.plist";
				LD_RUNPATH_SEARCH_PATHS = (
					"$(inherited)",
					"@executable_path/Frameworks",
				);
				PRODUCT_BUNDLE_IDENTIFIER = "edu.colorado.Destin.Woods.Dream-Cars-2";
				PRODUCT_NAME = "$(TARGET_NAME)";
				SWIFT_VERSION = 5.0;
				TARGETED_DEVICE_FAMILY = "1,2";
			};
			name = Debug;
		};
		C175205C25CC43C400BC3C4F /* Release */ = {
			isa = XCBuildConfiguration;
			buildSettings = {
				ASSETCATALOG_COMPILER_APPICON_NAME = AppIcon;
				ASSETCATALOG_COMPILER_GLOBAL_ACCENT_COLOR_NAME = AccentColor;
				CODE_SIGN_STYLE = Automatic;
				DEVELOPMENT_TEAM = DN2W828U2Y;
				INFOPLIST_FILE = "Dream Cars 2/Info.plist";
				LD_RUNPATH_SEARCH_PATHS = (
					"$(inherited)",
					"@executable_path/Frameworks",
				);
				PRODUCT_BUNDLE_IDENTIFIER = "edu.colorado.Destin.Woods.Dream-Cars-2";
				PRODUCT_NAME = "$(TARGET_NAME)";
				SWIFT_VERSION = 5.0;
				TARGETED_DEVICE_FAMILY = "1,2";
			};
			name = Release;
		};
/* End XCBuildConfiguration section */

/* Begin XCConfigurationList section */
		C175204125CC43C300BC3C4F /* Build configuration list for PBXProject "Dream Cars 2" */ = {
			isa = XCConfigurationList;
			buildConfigurations = (
				C175205825CC43C400BC3C4F /* Debug */,
				C175205925CC43C400BC3C4F /* Release */,
			);
			defaultConfigurationIsVisible = 0;
			defaultConfigurationName = Release;
		};
		C175205A25CC43C400BC3C4F /* Build configuration list for PBXNativeTarget "Dream Cars 2" */ = {
			isa = XCConfigurationList;
			buildConfigurations = (
				C175205B25CC43C400BC3C4F /* Debug */,
				C175205C25CC43C400BC3C4F /* Release */,
			);
			defaultConfigurationIsVisible = 0;
			defaultConfigurationName = Release;
		};
/* End XCConfigurationList section */
	};
	rootObject = C175203E25CC43C300BC3C4F /* Project object */;
}
