// !$*UTF8*$!
{
	archiveVersion = 1;
	classes = {
	};
	objectVersion = 50;
	objects = {

/* Begin PBXBuildFile section */
		C10FD182260A1C4900A25A27 /* globalVarriables.swift in Sources */ = {isa = PBXBuildFile; fileRef = C10FD181260A1C4900A25A27 /* globalVarriables.swift */; };
		C10FD186260A270600A25A27 /* MapKit.framework in Frameworks */ = {isa = PBXBuildFile; fileRef = C10FD185260A270600A25A27 /* MapKit.framework */; };
		C14CBA7C25E462B30057FEFB /* AppDelegate.swift in Sources */ = {isa = PBXBuildFile; fileRef = C14CBA7B25E462B30057FEFB /* AppDelegate.swift */; };
		C14CBA7E25E462B30057FEFB /* SceneDelegate.swift in Sources */ = {isa = PBXBuildFile; fileRef = C14CBA7D25E462B30057FEFB /* SceneDelegate.swift */; };
		C14CBA8325E462B30057FEFB /* Main.storyboard in Resources */ = {isa = PBXBuildFile; fileRef = C14CBA8125E462B30057FEFB /* Main.storyboard */; };
		C14CBA8525E462B40057FEFB /* Assets.xcassets in Resources */ = {isa = PBXBuildFile; fileRef = C14CBA8425E462B40057FEFB /* Assets.xcassets */; };
		C14CBA8825E462B40057FEFB /* LaunchScreen.storyboard in Resources */ = {isa = PBXBuildFile; fileRef = C14CBA8625E462B40057FEFB /* LaunchScreen.storyboard */; };
		C157549D25E4A57A000C0237 /* parkingDataLoader.swift in Sources */ = {isa = PBXBuildFile; fileRef = C157549C25E4A57A000C0237 /* parkingDataLoader.swift */; };
		C15754AB25E4AE6C000C0237 /* MapViewController.swift in Sources */ = {isa = PBXBuildFile; fileRef = C15754AA25E4AE6C000C0237 /* MapViewController.swift */; };
		C1CD7E2A262F474100EC9455 /* CoreLocation.framework in Frameworks */ = {isa = PBXBuildFile; fileRef = C1CD7E29262F474100EC9455 /* CoreLocation.framework */; };
/* End PBXBuildFile section */

/* Begin PBXCopyFilesBuildPhase section */
		C1CD7E1B262EAE7E00EC9455 /* Embed App Extensions */ = {
			isa = PBXCopyFilesBuildPhase;
			buildActionMask = 2147483647;
			dstPath = "";
			dstSubfolderSpec = 13;
			files = (
			);
			name = "Embed App Extensions";
			runOnlyForDeploymentPostprocessing = 0;
		};
/* End PBXCopyFilesBuildPhase section */

/* Begin PBXFileReference section */
		C10FD181260A1C4900A25A27 /* globalVarriables.swift */ = {isa = PBXFileReference; lastKnownFileType = sourcecode.swift; path = globalVarriables.swift; sourceTree = "<group>"; };
		C10FD185260A270600A25A27 /* MapKit.framework */ = {isa = PBXFileReference; lastKnownFileType = wrapper.framework; name = MapKit.framework; path = System/Library/Frameworks/MapKit.framework; sourceTree = SDKROOT; };
		C14CBA7825E462B30057FEFB /* ParkIt!.app */ = {isa = PBXFileReference; explicitFileType = wrapper.application; includeInIndex = 0; path = "ParkIt!.app"; sourceTree = BUILT_PRODUCTS_DIR; };
		C14CBA7B25E462B30057FEFB /* AppDelegate.swift */ = {isa = PBXFileReference; lastKnownFileType = sourcecode.swift; path = AppDelegate.swift; sourceTree = "<group>"; };
		C14CBA7D25E462B30057FEFB /* SceneDelegate.swift */ = {isa = PBXFileReference; lastKnownFileType = sourcecode.swift; path = SceneDelegate.swift; sourceTree = "<group>"; };
		C14CBA8225E462B30057FEFB /* Base */ = {isa = PBXFileReference; lastKnownFileType = file.storyboard; name = Base; path = Base.lproj/Main.storyboard; sourceTree = "<group>"; };
		C14CBA8425E462B40057FEFB /* Assets.xcassets */ = {isa = PBXFileReference; lastKnownFileType = folder.assetcatalog; path = Assets.xcassets; sourceTree = "<group>"; };
		C14CBA8725E462B40057FEFB /* Base */ = {isa = PBXFileReference; lastKnownFileType = file.storyboard; name = Base; path = Base.lproj/LaunchScreen.storyboard; sourceTree = "<group>"; };
		C14CBA8925E462B40057FEFB /* Info.plist */ = {isa = PBXFileReference; lastKnownFileType = text.plist.xml; path = Info.plist; sourceTree = "<group>"; };
		C157549C25E4A57A000C0237 /* parkingDataLoader.swift */ = {isa = PBXFileReference; lastKnownFileType = sourcecode.swift; path = parkingDataLoader.swift; sourceTree = "<group>"; };
		C15754AA25E4AE6C000C0237 /* MapViewController.swift */ = {isa = PBXFileReference; lastKnownFileType = sourcecode.swift; path = MapViewController.swift; sourceTree = "<group>"; };
		C1CD7E0B262EAE7C00EC9455 /* WidgetKit.framework */ = {isa = PBXFileReference; lastKnownFileType = wrapper.framework; name = WidgetKit.framework; path = System/Library/Frameworks/WidgetKit.framework; sourceTree = SDKROOT; };
		C1CD7E0D262EAE7C00EC9455 /* SwiftUI.framework */ = {isa = PBXFileReference; lastKnownFileType = wrapper.framework; name = SwiftUI.framework; path = System/Library/Frameworks/SwiftUI.framework; sourceTree = SDKROOT; };
		C1CD7E29262F474100EC9455 /* CoreLocation.framework */ = {isa = PBXFileReference; lastKnownFileType = wrapper.framework; name = CoreLocation.framework; path = System/Library/Frameworks/CoreLocation.framework; sourceTree = SDKROOT; };
/* End PBXFileReference section */

/* Begin PBXFrameworksBuildPhase section */
		C14CBA7525E462B30057FEFB /* Frameworks */ = {
			isa = PBXFrameworksBuildPhase;
			buildActionMask = 2147483647;
			files = (
				C1CD7E2A262F474100EC9455 /* CoreLocation.framework in Frameworks */,
				C10FD186260A270600A25A27 /* MapKit.framework in Frameworks */,
			);
			runOnlyForDeploymentPostprocessing = 0;
		};
/* End PBXFrameworksBuildPhase section */

/* Begin PBXGroup section */
		C10FD184260A270600A25A27 /* Frameworks */ = {
			isa = PBXGroup;
			children = (
				C1CD7E29262F474100EC9455 /* CoreLocation.framework */,
				C10FD185260A270600A25A27 /* MapKit.framework */,
				C1CD7E0B262EAE7C00EC9455 /* WidgetKit.framework */,
				C1CD7E0D262EAE7C00EC9455 /* SwiftUI.framework */,
			);
			name = Frameworks;
			sourceTree = "<group>";
		};
		C14CBA6F25E462B30057FEFB = {
			isa = PBXGroup;
			children = (
				C14CBA7A25E462B30057FEFB /* ParkIt! */,
				C14CBA7925E462B30057FEFB /* Products */,
				C10FD184260A270600A25A27 /* Frameworks */,
			);
			sourceTree = "<group>";
		};
		C14CBA7925E462B30057FEFB /* Products */ = {
			isa = PBXGroup;
			children = (
				C14CBA7825E462B30057FEFB /* ParkIt!.app */,
			);
			name = Products;
			sourceTree = "<group>";
		};
		C14CBA7A25E462B30057FEFB /* ParkIt! */ = {
			isa = PBXGroup;
			children = (
				C14CBA7B25E462B30057FEFB /* AppDelegate.swift */,
				C14CBA7D25E462B30057FEFB /* SceneDelegate.swift */,
				C14CBA8125E462B30057FEFB /* Main.storyboard */,
				C14CBA8425E462B40057FEFB /* Assets.xcassets */,
				C14CBA8625E462B40057FEFB /* LaunchScreen.storyboard */,
				C14CBA8925E462B40057FEFB /* Info.plist */,
				C157549C25E4A57A000C0237 /* parkingDataLoader.swift */,
				C15754AA25E4AE6C000C0237 /* MapViewController.swift */,
				C10FD181260A1C4900A25A27 /* globalVarriables.swift */,
			);
			path = "ParkIt!";
			sourceTree = "<group>";
		};
/* End PBXGroup section */

/* Begin PBXNativeTarget section */
		C14CBA7725E462B30057FEFB /* ParkIt! */ = {
			isa = PBXNativeTarget;
			buildConfigurationList = C14CBA8C25E462B40057FEFB /* Build configuration list for PBXNativeTarget "ParkIt!" */;
			buildPhases = (
				C14CBA7425E462B30057FEFB /* Sources */,
				C14CBA7525E462B30057FEFB /* Frameworks */,
				C14CBA7625E462B30057FEFB /* Resources */,
				C1CD7E1B262EAE7E00EC9455 /* Embed App Extensions */,
			);
			buildRules = (
			);
			dependencies = (
			);
			name = "ParkIt!";
			productName = "ParkIt!";
			productReference = C14CBA7825E462B30057FEFB /* ParkIt!.app */;
			productType = "com.apple.product-type.application";
		};
/* End PBXNativeTarget section */

/* Begin PBXProject section */
		C14CBA7025E462B30057FEFB /* Project object */ = {
			isa = PBXProject;
			attributes = {
				LastSwiftUpdateCheck = 1230;
				LastUpgradeCheck = 1230;
				TargetAttributes = {
					C14CBA7725E462B30057FEFB = {
						CreatedOnToolsVersion = 12.3;
					};
				};
			};
			buildConfigurationList = C14CBA7325E462B30057FEFB /* Build configuration list for PBXProject "ParkIt!" */;
			compatibilityVersion = "Xcode 9.3";
			developmentRegion = en;
			hasScannedForEncodings = 0;
			knownRegions = (
				en,
				Base,
			);
			mainGroup = C14CBA6F25E462B30057FEFB;
			productRefGroup = C14CBA7925E462B30057FEFB /* Products */;
			projectDirPath = "";
			projectRoot = "";
			targets = (
				C14CBA7725E462B30057FEFB /* ParkIt! */,
			);
		};
/* End PBXProject section */

/* Begin PBXResourcesBuildPhase section */
		C14CBA7625E462B30057FEFB /* Resources */ = {
			isa = PBXResourcesBuildPhase;
			buildActionMask = 2147483647;
			files = (
				C14CBA8825E462B40057FEFB /* LaunchScreen.storyboard in Resources */,
				C14CBA8525E462B40057FEFB /* Assets.xcassets in Resources */,
				C14CBA8325E462B30057FEFB /* Main.storyboard in Resources */,
			);
			runOnlyForDeploymentPostprocessing = 0;
		};
/* End PBXResourcesBuildPhase section */

/* Begin PBXSourcesBuildPhase section */
		C14CBA7425E462B30057FEFB /* Sources */ = {
			isa = PBXSourcesBuildPhase;
			buildActionMask = 2147483647;
			files = (
				C157549D25E4A57A000C0237 /* parkingDataLoader.swift in Sources */,
				C14CBA7C25E462B30057FEFB /* AppDelegate.swift in Sources */,
				C15754AB25E4AE6C000C0237 /* MapViewController.swift in Sources */,
				C14CBA7E25E462B30057FEFB /* SceneDelegate.swift in Sources */,
				C10FD182260A1C4900A25A27 /* globalVarriables.swift in Sources */,
			);
			runOnlyForDeploymentPostprocessing = 0;
		};
/* End PBXSourcesBuildPhase section */

/* Begin PBXVariantGroup section */
		C14CBA8125E462B30057FEFB /* Main.storyboard */ = {
			isa = PBXVariantGroup;
			children = (
				C14CBA8225E462B30057FEFB /* Base */,
			);
			name = Main.storyboard;
			sourceTree = "<group>";
		};
		C14CBA8625E462B40057FEFB /* LaunchScreen.storyboard */ = {
			isa = PBXVariantGroup;
			children = (
				C14CBA8725E462B40057FEFB /* Base */,
			);
			name = LaunchScreen.storyboard;
			sourceTree = "<group>";
		};
/* End PBXVariantGroup section */

/* Begin XCBuildConfiguration section */
		C14CBA8A25E462B40057FEFB /* Debug */ = {
			isa = XCBuildConfiguration;
			buildSettings = {
				ALWAYS_SEARCH_USER_PATHS = NO;
				CLANG_ANALYZER_NONNULL = YES;
				CLANG_ANALYZER_NUMBER_OBJECT_CONVERSION = YES_AGGRESSIVE;
				CLANG_CXX_LANGUAGE_STANDARD = "gnu++14";
				CLANG_CXX_LIBRARY = "libc++";
				CLANG_ENABLE_MODULES = YES;
				CLANG_ENABLE_OBJC_ARC = YES;
				CLANG_ENABLE_OBJC_WEAK = YES;
				CLANG_WARN_BLOCK_CAPTURE_AUTORELEASING = YES;
				CLANG_WARN_BOOL_CONVERSION = YES;
				CLANG_WARN_COMMA = YES;
				CLANG_WARN_CONSTANT_CONVERSION = YES;
				CLANG_WARN_DEPRECATED_OBJC_IMPLEMENTATIONS = YES;
				CLANG_WARN_DIRECT_OBJC_ISA_USAGE = YES_ERROR;
				CLANG_WARN_DOCUMENTATION_COMMENTS = YES;
				CLANG_WARN_EMPTY_BODY = YES;
				CLANG_WARN_ENUM_CONVERSION = YES;
				CLANG_WARN_INFINITE_RECURSION = YES;
				CLANG_WARN_INT_CONVERSION = YES;
				CLANG_WARN_NON_LITERAL_NULL_CONVERSION = YES;
				CLANG_WARN_OBJC_IMPLICIT_RETAIN_SELF = YES;
				CLANG_WARN_OBJC_LITERAL_CONVERSION = YES;
				CLANG_WARN_OBJC_ROOT_CLASS = YES_ERROR;
				CLANG_WARN_QUOTED_INCLUDE_IN_FRAMEWORK_HEADER = YES;
				CLANG_WARN_RANGE_LOOP_ANALYSIS = YES;
				CLANG_WARN_STRICT_PROTOTYPES = YES;
				CLANG_WARN_SUSPICIOUS_MOVE = YES;
				CLANG_WARN_UNGUARDED_AVAILABILITY = YES_AGGRESSIVE;
				CLANG_WARN_UNREACHABLE_CODE = YES;
				CLANG_WARN__DUPLICATE_METHOD_MATCH = YES;
				COPY_PHASE_STRIP = NO;
				DEBUG_INFORMATION_FORMAT = dwarf;
				ENABLE_STRICT_OBJC_MSGSEND = YES;
				ENABLE_TESTABILITY = YES;
				GCC_C_LANGUAGE_STANDARD = gnu11;
				GCC_DYNAMIC_NO_PIC = NO;
				GCC_NO_COMMON_BLOCKS = YES;
				GCC_OPTIMIZATION_LEVEL = 0;
				GCC_PREPROCESSOR_DEFINITIONS = (
					"DEBUG=1",
					"$(inherited)",
				);
				GCC_WARN_64_TO_32_BIT_CONVERSION = YES;
				GCC_WARN_ABOUT_RETURN_TYPE = YES_ERROR;
				GCC_WARN_UNDECLARED_SELECTOR = YES;
				GCC_WARN_UNINITIALIZED_AUTOS = YES_AGGRESSIVE;
				GCC_WARN_UNUSED_FUNCTION = YES;
				GCC_WARN_UNUSED_VARIABLE = YES;
				IPHONEOS_DEPLOYMENT_TARGET = 14.3;
				MTL_ENABLE_DEBUG_INFO = INCLUDE_SOURCE;
				MTL_FAST_MATH = YES;
				ONLY_ACTIVE_ARCH = YES;
				SDKROOT = iphoneos;
				SWIFT_ACTIVE_COMPILATION_CONDITIONS = DEBUG;
				SWIFT_OPTIMIZATION_LEVEL = "-Onone";
			};
			name = Debug;
		};
		C14CBA8B25E462B40057FEFB /* Release */ = {
			isa = XCBuildConfiguration;
			buildSettings = {
				ALWAYS_SEARCH_USER_PATHS = NO;
				CLANG_ANALYZER_NONNULL = YES;
				CLANG_ANALYZER_NUMBER_OBJECT_CONVERSION = YES_AGGRESSIVE;
				CLANG_CXX_LANGUAGE_STANDARD = "gnu++14";
				CLANG_CXX_LIBRARY = "libc++";
				CLANG_ENABLE_MODULES = YES;
				CLANG_ENABLE_OBJC_ARC = YES;
				CLANG_ENABLE_OBJC_WEAK = YES;
				CLANG_WARN_BLOCK_CAPTURE_AUTORELEASING = YES;
				CLANG_WARN_BOOL_CONVERSION = YES;
				CLANG_WARN_COMMA = YES;
				CLANG_WARN_CONSTANT_CONVERSION = YES;
				CLANG_WARN_DEPRECATED_OBJC_IMPLEMENTATIONS = YES;
				CLANG_WARN_DIRECT_OBJC_ISA_USAGE = YES_ERROR;
				CLANG_WARN_DOCUMENTATION_COMMENTS = YES;
				CLANG_WARN_EMPTY_BODY = YES;
				CLANG_WARN_ENUM_CONVERSION = YES;
				CLANG_WARN_INFINITE_RECURSION = YES;
				CLANG_WARN_INT_CONVERSION = YES;
				CLANG_WARN_NON_LITERAL_NULL_CONVERSION = YES;
				CLANG_WARN_OBJC_IMPLICIT_RETAIN_SELF = YES;
				CLANG_WARN_OBJC_LITERAL_CONVERSION = YES;
				CLANG_WARN_OBJC_ROOT_CLASS = YES_ERROR;
				CLANG_WARN_QUOTED_INCLUDE_IN_FRAMEWORK_HEADER = YES;
				CLANG_WARN_RANGE_LOOP_ANALYSIS = YES;
				CLANG_WARN_STRICT_PROTOTYPES = YES;
				CLANG_WARN_SUSPICIOUS_MOVE = YES;
				CLANG_WARN_UNGUARDED_AVAILABILITY = YES_AGGRESSIVE;
				CLANG_WARN_UNREACHABLE_CODE = YES;
				CLANG_WARN__DUPLICATE_METHOD_MATCH = YES;
				COPY_PHASE_STRIP = NO;
				DEBUG_INFORMATION_FORMAT = "dwarf-with-dsym";
				ENABLE_NS_ASSERTIONS = NO;
				ENABLE_STRICT_OBJC_MSGSEND = YES;
				GCC_C_LANGUAGE_STANDARD = gnu11;
				GCC_NO_COMMON_BLOCKS = YES;
				GCC_WARN_64_TO_32_BIT_CONVERSION = YES;
				GCC_WARN_ABOUT_RETURN_TYPE = YES_ERROR;
				GCC_WARN_UNDECLARED_SELECTOR = YES;
				GCC_WARN_UNINITIALIZED_AUTOS = YES_AGGRESSIVE;
				GCC_WARN_UNUSED_FUNCTION = YES;
				GCC_WARN_UNUSED_VARIABLE = YES;
				IPHONEOS_DEPLOYMENT_TARGET = 14.3;
				MTL_ENABLE_DEBUG_INFO = NO;
				MTL_FAST_MATH = YES;
				SDKROOT = iphoneos;
				SWIFT_COMPILATION_MODE = wholemodule;
				SWIFT_OPTIMIZATION_LEVEL = "-O";
				VALIDATE_PRODUCT = YES;
			};
			name = Release;
		};
		C14CBA8D25E462B40057FEFB /* Debug */ = {
			isa = XCBuildConfiguration;
			buildSettings = {
				ASSETCATALOG_COMPILER_APPICON_NAME = AppIcon;
				ASSETCATALOG_COMPILER_GLOBAL_ACCENT_COLOR_NAME = AccentColor;
				CODE_SIGN_STYLE = Automatic;
				DEVELOPMENT_TEAM = DN2W828U2Y;
				INFOPLIST_FILE = "ParkIt!/Info.plist";
				IPHONEOS_DEPLOYMENT_TARGET = 14.3;
				LD_RUNPATH_SEARCH_PATHS = (
					"$(inherited)",
					"@executable_path/Frameworks",
				);
				PRODUCT_BUNDLE_IDENTIFIER = "edu.colorado.Destin.Woods.ParkIt-";
				PRODUCT_NAME = "$(TARGET_NAME)";
				SWIFT_VERSION = 5.0;
				TARGETED_DEVICE_FAMILY = "1,2";
			};
			name = Debug;
		};
		C14CBA8E25E462B40057FEFB /* Release */ = {
			isa = XCBuildConfiguration;
			buildSettings = {
				ASSETCATALOG_COMPILER_APPICON_NAME = AppIcon;
				ASSETCATALOG_COMPILER_GLOBAL_ACCENT_COLOR_NAME = AccentColor;
				CODE_SIGN_STYLE = Automatic;
				DEVELOPMENT_TEAM = DN2W828U2Y;
				INFOPLIST_FILE = "ParkIt!/Info.plist";
				IPHONEOS_DEPLOYMENT_TARGET = 14.3;
				LD_RUNPATH_SEARCH_PATHS = (
					"$(inherited)",
					"@executable_path/Frameworks",
				);
				PRODUCT_BUNDLE_IDENTIFIER = "edu.colorado.Destin.Woods.ParkIt-";
				PRODUCT_NAME = "$(TARGET_NAME)";
				SWIFT_VERSION = 5.0;
				TARGETED_DEVICE_FAMILY = "1,2";
			};
			name = Release;
		};
/* End XCBuildConfiguration section */

/* Begin XCConfigurationList section */
		C14CBA7325E462B30057FEFB /* Build configuration list for PBXProject "ParkIt!" */ = {
			isa = XCConfigurationList;
			buildConfigurations = (
				C14CBA8A25E462B40057FEFB /* Debug */,
				C14CBA8B25E462B40057FEFB /* Release */,
			);
			defaultConfigurationIsVisible = 0;
			defaultConfigurationName = Release;
		};
		C14CBA8C25E462B40057FEFB /* Build configuration list for PBXNativeTarget "ParkIt!" */ = {
			isa = XCConfigurationList;
			buildConfigurations = (
				C14CBA8D25E462B40057FEFB /* Debug */,
				C14CBA8E25E462B40057FEFB /* Release */,
			);
			defaultConfigurationIsVisible = 0;
			defaultConfigurationName = Release;
		};
/* End XCConfigurationList section */
	};
	rootObject = C14CBA7025E462B30057FEFB /* Project object */;
}
