// !$*UTF8*$!
{
	archiveVersion = 1;
	classes = {
	};
	objectVersion = 50;
	objects = {

/* Begin PBXBuildFile section */
		C1833F9925DBFD760044145B /* AppDelegate.swift in Sources */ = {isa = PBXBuildFile; fileRef = C1833F9825DBFD760044145B /* AppDelegate.swift */; };
		C1833F9B25DBFD760044145B /* SceneDelegate.swift in Sources */ = {isa = PBXBuildFile; fileRef = C1833F9A25DBFD760044145B /* SceneDelegate.swift */; };
		C1833FA025DBFD760044145B /* Main.storyboard in Resources */ = {isa = PBXBuildFile; fileRef = C1833F9E25DBFD760044145B /* Main.storyboard */; };
		C1833FA225DBFD770044145B /* Assets.xcassets in Resources */ = {isa = PBXBuildFile; fileRef = C1833FA125DBFD770044145B /* Assets.xcassets */; };
		C1833FA525DBFD770044145B /* LaunchScreen.storyboard in Resources */ = {isa = PBXBuildFile; fileRef = C1833FA325DBFD770044145B /* LaunchScreen.storyboard */; };
		C1833FBB25DC0A2C0044145B /* collegeMajorLoader.swift in Sources */ = {isa = PBXBuildFile; fileRef = C1833FBA25DC0A2C0044145B /* collegeMajorLoader.swift */; };
		C1833FBE25DC0AED0044145B /* collegeData.swift in Sources */ = {isa = PBXBuildFile; fileRef = C1833FBD25DC0AED0044145B /* collegeData.swift */; };
		C1833FC125DC0D970044145B /* collegeMajors.plist in Resources */ = {isa = PBXBuildFile; fileRef = C1833FC025DC0D970044145B /* collegeMajors.plist */; };
		C1833FCD25DC286D0044145B /* TableViewController.swift in Sources */ = {isa = PBXBuildFile; fileRef = C1833FCC25DC286D0044145B /* TableViewController.swift */; };
		C1833FD025DC288A0044145B /* DetailTableViewController.swift in Sources */ = {isa = PBXBuildFile; fileRef = C1833FCF25DC288A0044145B /* DetailTableViewController.swift */; };
		C1833FD625DC2A4A0044145B /* addMajor.swift in Sources */ = {isa = PBXBuildFile; fileRef = C1833FD525DC2A4A0044145B /* addMajor.swift */; };
		C1833FDE25DC32880044145B /* webViewController.swift in Sources */ = {isa = PBXBuildFile; fileRef = C1833FDD25DC32880044145B /* webViewController.swift */; };
/* End PBXBuildFile section */

/* Begin PBXFileReference section */
		C1833F9525DBFD760044145B /* CU Majors.app */ = {isa = PBXFileReference; explicitFileType = wrapper.application; includeInIndex = 0; path = "CU Majors.app"; sourceTree = BUILT_PRODUCTS_DIR; };
		C1833F9825DBFD760044145B /* AppDelegate.swift */ = {isa = PBXFileReference; lastKnownFileType = sourcecode.swift; path = AppDelegate.swift; sourceTree = "<group>"; };
		C1833F9A25DBFD760044145B /* SceneDelegate.swift */ = {isa = PBXFileReference; lastKnownFileType = sourcecode.swift; path = SceneDelegate.swift; sourceTree = "<group>"; };
		C1833F9F25DBFD760044145B /* Base */ = {isa = PBXFileReference; lastKnownFileType = file.storyboard; name = Base; path = Base.lproj/Main.storyboard; sourceTree = "<group>"; };
		C1833FA125DBFD770044145B /* Assets.xcassets */ = {isa = PBXFileReference; lastKnownFileType = folder.assetcatalog; path = Assets.xcassets; sourceTree = "<group>"; };
		C1833FA425DBFD770044145B /* Base */ = {isa = PBXFileReference; lastKnownFileType = file.storyboard; name = Base; path = Base.lproj/LaunchScreen.storyboard; sourceTree = "<group>"; };
		C1833FA625DBFD770044145B /* Info.plist */ = {isa = PBXFileReference; lastKnownFileType = text.plist.xml; path = Info.plist; sourceTree = "<group>"; };
		C1833FBA25DC0A2C0044145B /* collegeMajorLoader.swift */ = {isa = PBXFileReference; lastKnownFileType = sourcecode.swift; path = collegeMajorLoader.swift; sourceTree = "<group>"; };
		C1833FBD25DC0AED0044145B /* collegeData.swift */ = {isa = PBXFileReference; lastKnownFileType = sourcecode.swift; path = collegeData.swift; sourceTree = "<group>"; };
		C1833FC025DC0D970044145B /* collegeMajors.plist */ = {isa = PBXFileReference; fileEncoding = 4; lastKnownFileType = text.plist.xml; path = collegeMajors.plist; sourceTree = "<group>"; };
		C1833FCC25DC286D0044145B /* TableViewController.swift */ = {isa = PBXFileReference; lastKnownFileType = sourcecode.swift; path = TableViewController.swift; sourceTree = "<group>"; };
		C1833FCF25DC288A0044145B /* DetailTableViewController.swift */ = {isa = PBXFileReference; lastKnownFileType = sourcecode.swift; path = DetailTableViewController.swift; sourceTree = "<group>"; };
		C1833FD525DC2A4A0044145B /* addMajor.swift */ = {isa = PBXFileReference; lastKnownFileType = sourcecode.swift; path = addMajor.swift; sourceTree = "<group>"; };
		C1833FDD25DC32880044145B /* webViewController.swift */ = {isa = PBXFileReference; lastKnownFileType = sourcecode.swift; path = webViewController.swift; sourceTree = "<group>"; };
/* End PBXFileReference section */

/* Begin PBXFrameworksBuildPhase section */
		C1833F9225DBFD760044145B /* Frameworks */ = {
			isa = PBXFrameworksBuildPhase;
			buildActionMask = 2147483647;
			files = (
			);
			runOnlyForDeploymentPostprocessing = 0;
		};
/* End PBXFrameworksBuildPhase section */

/* Begin PBXGroup section */
		C1833F8C25DBFD760044145B = {
			isa = PBXGroup;
			children = (
				C1833F9725DBFD760044145B /* CU Majors */,
				C1833F9625DBFD760044145B /* Products */,
			);
			sourceTree = "<group>";
		};
		C1833F9625DBFD760044145B /* Products */ = {
			isa = PBXGroup;
			children = (
				C1833F9525DBFD760044145B /* CU Majors.app */,
			);
			name = Products;
			sourceTree = "<group>";
		};
		C1833F9725DBFD760044145B /* CU Majors */ = {
			isa = PBXGroup;
			children = (
				C1833F9825DBFD760044145B /* AppDelegate.swift */,
				C1833F9A25DBFD760044145B /* SceneDelegate.swift */,
				C1833F9E25DBFD760044145B /* Main.storyboard */,
				C1833FD525DC2A4A0044145B /* addMajor.swift */,
				C1833FCF25DC288A0044145B /* DetailTableViewController.swift */,
				C1833FCC25DC286D0044145B /* TableViewController.swift */,
				C1833FDD25DC32880044145B /* webViewController.swift */,
				C1833FBD25DC0AED0044145B /* collegeData.swift */,
				C1833FBA25DC0A2C0044145B /* collegeMajorLoader.swift */,
				C1833FA125DBFD770044145B /* Assets.xcassets */,
				C1833FA325DBFD770044145B /* LaunchScreen.storyboard */,
				C1833FA625DBFD770044145B /* Info.plist */,
				C1833FC025DC0D970044145B /* collegeMajors.plist */,
			);
			path = "CU Majors";
			sourceTree = "<group>";
		};
/* End PBXGroup section */

/* Begin PBXNativeTarget section */
		C1833F9425DBFD760044145B /* CU Majors */ = {
			isa = PBXNativeTarget;
			buildConfigurationList = C1833FA925DBFD770044145B /* Build configuration list for PBXNativeTarget "CU Majors" */;
			buildPhases = (
				C1833F9125DBFD760044145B /* Sources */,
				C1833F9225DBFD760044145B /* Frameworks */,
				C1833F9325DBFD760044145B /* Resources */,
			);
			buildRules = (
			);
			dependencies = (
			);
			name = "CU Majors";
			productName = "CU Majors";
			productReference = C1833F9525DBFD760044145B /* CU Majors.app */;
			productType = "com.apple.product-type.application";
		};
/* End PBXNativeTarget section */

/* Begin PBXProject section */
		C1833F8D25DBFD760044145B /* Project object */ = {
			isa = PBXProject;
			attributes = {
				LastSwiftUpdateCheck = 1230;
				LastUpgradeCheck = 1230;
				TargetAttributes = {
					C1833F9425DBFD760044145B = {
						CreatedOnToolsVersion = 12.3;
					};
				};
			};
			buildConfigurationList = C1833F9025DBFD760044145B /* Build configuration list for PBXProject "CU Majors" */;
			compatibilityVersion = "Xcode 9.3";
			developmentRegion = en;
			hasScannedForEncodings = 0;
			knownRegions = (
				en,
				Base,
			);
			mainGroup = C1833F8C25DBFD760044145B;
			productRefGroup = C1833F9625DBFD760044145B /* Products */;
			projectDirPath = "";
			projectRoot = "";
			targets = (
				C1833F9425DBFD760044145B /* CU Majors */,
			);
		};
/* End PBXProject section */

/* Begin PBXResourcesBuildPhase section */
		C1833F9325DBFD760044145B /* Resources */ = {
			isa = PBXResourcesBuildPhase;
			buildActionMask = 2147483647;
			files = (
				C1833FA525DBFD770044145B /* LaunchScreen.storyboard in Resources */,
				C1833FA225DBFD770044145B /* Assets.xcassets in Resources */,
				C1833FC125DC0D970044145B /* collegeMajors.plist in Resources */,
				C1833FA025DBFD760044145B /* Main.storyboard in Resources */,
			);
			runOnlyForDeploymentPostprocessing = 0;
		};
/* End PBXResourcesBuildPhase section */

/* Begin PBXSourcesBuildPhase section */
		C1833F9125DBFD760044145B /* Sources */ = {
			isa = PBXSourcesBuildPhase;
			buildActionMask = 2147483647;
			files = (
				C1833FD025DC288A0044145B /* DetailTableViewController.swift in Sources */,
				C1833FD625DC2A4A0044145B /* addMajor.swift in Sources */,
				C1833F9925DBFD760044145B /* AppDelegate.swift in Sources */,
				C1833FBE25DC0AED0044145B /* collegeData.swift in Sources */,
				C1833FBB25DC0A2C0044145B /* collegeMajorLoader.swift in Sources */,
				C1833FCD25DC286D0044145B /* TableViewController.swift in Sources */,
				C1833F9B25DBFD760044145B /* SceneDelegate.swift in Sources */,
				C1833FDE25DC32880044145B /* webViewController.swift in Sources */,
			);
			runOnlyForDeploymentPostprocessing = 0;
		};
/* End PBXSourcesBuildPhase section */

/* Begin PBXVariantGroup section */
		C1833F9E25DBFD760044145B /* Main.storyboard */ = {
			isa = PBXVariantGroup;
			children = (
				C1833F9F25DBFD760044145B /* Base */,
			);
			name = Main.storyboard;
			sourceTree = "<group>";
		};
		C1833FA325DBFD770044145B /* LaunchScreen.storyboard */ = {
			isa = PBXVariantGroup;
			children = (
				C1833FA425DBFD770044145B /* Base */,
			);
			name = LaunchScreen.storyboard;
			sourceTree = "<group>";
		};
/* End PBXVariantGroup section */

/* Begin XCBuildConfiguration section */
		C1833FA725DBFD770044145B /* Debug */ = {
			isa = XCBuildConfiguration;
			buildSettings = {
				ALWAYS_SEARCH_USER_PATHS = NO;
				CLANG_ANALYZER_NONNULL = YES;
				CLANG_ANALYZER_NUMBER_OBJECT_CONVERSION = YES_AGGRESSIVE;
				CLANG_CXX_LANGUAGE_STANDARD = "gnu++14";
				CLANG_CXX_LIBRARY = "libc++";
				CLANG_ENABLE_MODULES = YES;
				CLANG_ENABLE_OBJC_ARC = YES;
				CLANG_ENABLE_OBJC_WEAK = YES;
				CLANG_WARN_BLOCK_CAPTURE_AUTORELEASING = YES;
				CLANG_WARN_BOOL_CONVERSION = YES;
				CLANG_WARN_COMMA = YES;
				CLANG_WARN_CONSTANT_CONVERSION = YES;
				CLANG_WARN_DEPRECATED_OBJC_IMPLEMENTATIONS = YES;
				CLANG_WARN_DIRECT_OBJC_ISA_USAGE = YES_ERROR;
				CLANG_WARN_DOCUMENTATION_COMMENTS = YES;
				CLANG_WARN_EMPTY_BODY = YES;
				CLANG_WARN_ENUM_CONVERSION = YES;
				CLANG_WARN_INFINITE_RECURSION = YES;
				CLANG_WARN_INT_CONVERSION = YES;
				CLANG_WARN_NON_LITERAL_NULL_CONVERSION = YES;
				CLANG_WARN_OBJC_IMPLICIT_RETAIN_SELF = YES;
				CLANG_WARN_OBJC_LITERAL_CONVERSION = YES;
				CLANG_WARN_OBJC_ROOT_CLASS = YES_ERROR;
				CLANG_WARN_QUOTED_INCLUDE_IN_FRAMEWORK_HEADER = YES;
				CLANG_WARN_RANGE_LOOP_ANALYSIS = YES;
				CLANG_WARN_STRICT_PROTOTYPES = YES;
				CLANG_WARN_SUSPICIOUS_MOVE = YES;
				CLANG_WARN_UNGUARDED_AVAILABILITY = YES_AGGRESSIVE;
				CLANG_WARN_UNREACHABLE_CODE = YES;
				CLANG_WARN__DUPLICATE_METHOD_MATCH = YES;
				COPY_PHASE_STRIP = NO;
				DEBUG_INFORMATION_FORMAT = dwarf;
				ENABLE_STRICT_OBJC_MSGSEND = YES;
				ENABLE_TESTABILITY = YES;
				GCC_C_LANGUAGE_STANDARD = gnu11;
				GCC_DYNAMIC_NO_PIC = NO;
				GCC_NO_COMMON_BLOCKS = YES;
				GCC_OPTIMIZATION_LEVEL = 0;
				GCC_PREPROCESSOR_DEFINITIONS = (
					"DEBUG=1",
					"$(inherited)",
				);
				GCC_WARN_64_TO_32_BIT_CONVERSION = YES;
				GCC_WARN_ABOUT_RETURN_TYPE = YES_ERROR;
				GCC_WARN_UNDECLARED_SELECTOR = YES;
				GCC_WARN_UNINITIALIZED_AUTOS = YES_AGGRESSIVE;
				GCC_WARN_UNUSED_FUNCTION = YES;
				GCC_WARN_UNUSED_VARIABLE = YES;
				IPHONEOS_DEPLOYMENT_TARGET = 14.3;
				MTL_ENABLE_DEBUG_INFO = INCLUDE_SOURCE;
				MTL_FAST_MATH = YES;
				ONLY_ACTIVE_ARCH = YES;
				SDKROOT = iphoneos;
				SWIFT_ACTIVE_COMPILATION_CONDITIONS = DEBUG;
				SWIFT_OPTIMIZATION_LEVEL = "-Onone";
			};
			name = Debug;
		};
		C1833FA825DBFD770044145B /* Release */ = {
			isa = XCBuildConfiguration;
			buildSettings = {
				ALWAYS_SEARCH_USER_PATHS = NO;
				CLANG_ANALYZER_NONNULL = YES;
				CLANG_ANALYZER_NUMBER_OBJECT_CONVERSION = YES_AGGRESSIVE;
				CLANG_CXX_LANGUAGE_STANDARD = "gnu++14";
				CLANG_CXX_LIBRARY = "libc++";
				CLANG_ENABLE_MODULES = YES;
				CLANG_ENABLE_OBJC_ARC = YES;
				CLANG_ENABLE_OBJC_WEAK = YES;
				CLANG_WARN_BLOCK_CAPTURE_AUTORELEASING = YES;
				CLANG_WARN_BOOL_CONVERSION = YES;
				CLANG_WARN_COMMA = YES;
				CLANG_WARN_CONSTANT_CONVERSION = YES;
				CLANG_WARN_DEPRECATED_OBJC_IMPLEMENTATIONS = YES;
				CLANG_WARN_DIRECT_OBJC_ISA_USAGE = YES_ERROR;
				CLANG_WARN_DOCUMENTATION_COMMENTS = YES;
				CLANG_WARN_EMPTY_BODY = YES;
				CLANG_WARN_ENUM_CONVERSION = YES;
				CLANG_WARN_INFINITE_RECURSION = YES;
				CLANG_WARN_INT_CONVERSION = YES;
				CLANG_WARN_NON_LITERAL_NULL_CONVERSION = YES;
				CLANG_WARN_OBJC_IMPLICIT_RETAIN_SELF = YES;
				CLANG_WARN_OBJC_LITERAL_CONVERSION = YES;
				CLANG_WARN_OBJC_ROOT_CLASS = YES_ERROR;
				CLANG_WARN_QUOTED_INCLUDE_IN_FRAMEWORK_HEADER = YES;
				CLANG_WARN_RANGE_LOOP_ANALYSIS = YES;
				CLANG_WARN_STRICT_PROTOTYPES = YES;
				CLANG_WARN_SUSPICIOUS_MOVE = YES;
				CLANG_WARN_UNGUARDED_AVAILABILITY = YES_AGGRESSIVE;
				CLANG_WARN_UNREACHABLE_CODE = YES;
				CLANG_WARN__DUPLICATE_METHOD_MATCH = YES;
				COPY_PHASE_STRIP = NO;
				DEBUG_INFORMATION_FORMAT = "dwarf-with-dsym";
				ENABLE_NS_ASSERTIONS = NO;
				ENABLE_STRICT_OBJC_MSGSEND = YES;
				GCC_C_LANGUAGE_STANDARD = gnu11;
				GCC_NO_COMMON_BLOCKS = YES;
				GCC_WARN_64_TO_32_BIT_CONVERSION = YES;
				GCC_WARN_ABOUT_RETURN_TYPE = YES_ERROR;
				GCC_WARN_UNDECLARED_SELECTOR = YES;
				GCC_WARN_UNINITIALIZED_AUTOS = YES_AGGRESSIVE;
				GCC_WARN_UNUSED_FUNCTION = YES;
				GCC_WARN_UNUSED_VARIABLE = YES;
				IPHONEOS_DEPLOYMENT_TARGET = 14.3;
				MTL_ENABLE_DEBUG_INFO = NO;
				MTL_FAST_MATH = YES;
				SDKROOT = iphoneos;
				SWIFT_COMPILATION_MODE = wholemodule;
				SWIFT_OPTIMIZATION_LEVEL = "-O";
				VALIDATE_PRODUCT = YES;
			};
			name = Release;
		};
		C1833FAA25DBFD770044145B /* Debug */ = {
			isa = XCBuildConfiguration;
			buildSettings = {
				ASSETCATALOG_COMPILER_APPICON_NAME = AppIcon;
				ASSETCATALOG_COMPILER_GLOBAL_ACCENT_COLOR_NAME = AccentColor;
				CODE_SIGN_STYLE = Automatic;
				DEVELOPMENT_TEAM = DN2W828U2Y;
				INFOPLIST_FILE = "CU Majors/Info.plist";
				LD_RUNPATH_SEARCH_PATHS = (
					"$(inherited)",
					"@executable_path/Frameworks",
				);
				PRODUCT_BUNDLE_IDENTIFIER = "edu.colorado.Destin.Woods.CU-Majors";
				PRODUCT_NAME = "$(TARGET_NAME)";
				SWIFT_VERSION = 5.0;
				TARGETED_DEVICE_FAMILY = "1,2";
			};
			name = Debug;
		};
		C1833FAB25DBFD770044145B /* Release */ = {
			isa = XCBuildConfiguration;
			buildSettings = {
				ASSETCATALOG_COMPILER_APPICON_NAME = AppIcon;
				ASSETCATALOG_COMPILER_GLOBAL_ACCENT_COLOR_NAME = AccentColor;
				CODE_SIGN_STYLE = Automatic;
				DEVELOPMENT_TEAM = DN2W828U2Y;
				INFOPLIST_FILE = "CU Majors/Info.plist";
				LD_RUNPATH_SEARCH_PATHS = (
					"$(inherited)",
					"@executable_path/Frameworks",
				);
				PRODUCT_BUNDLE_IDENTIFIER = "edu.colorado.Destin.Woods.CU-Majors";
				PRODUCT_NAME = "$(TARGET_NAME)";
				SWIFT_VERSION = 5.0;
				TARGETED_DEVICE_FAMILY = "1,2";
			};
			name = Release;
		};
/* End XCBuildConfiguration section */

/* Begin XCConfigurationList section */
		C1833F9025DBFD760044145B /* Build configuration list for PBXProject "CU Majors" */ = {
			isa = XCConfigurationList;
			buildConfigurations = (
				C1833FA725DBFD770044145B /* Debug */,
				C1833FA825DBFD770044145B /* Release */,
			);
			defaultConfigurationIsVisible = 0;
			defaultConfigurationName = Release;
		};
		C1833FA925DBFD770044145B /* Build configuration list for PBXNativeTarget "CU Majors" */ = {
			isa = XCConfigurationList;
			buildConfigurations = (
				C1833FAA25DBFD770044145B /* Debug */,
				C1833FAB25DBFD770044145B /* Release */,
			);
			defaultConfigurationIsVisible = 0;
			defaultConfigurationName = Release;
		};
/* End XCConfigurationList section */
	};
	rootObject = C1833F8D25DBFD760044145B /* Project object */;
}
